
Microsoft Visual Studio Solution File, Format Version 12.00
# Visual Studio Version 16
VisualStudioVersion = 16.0.30804.86
MinimumVisualStudioVersion = 10.0.40219.1
Project("{FAE04EC0-301F-11D3-BF4B-00C04F79EFBC}") = "cursach", "cursach.csproj", "{8A20008D-D10B-4198-9FC0-E54D0B35A111}"
EndProject
Project("{FAE04EC0-301F-11D3-BF4B-00C04F79EFBC}") = "newCursach", "..\newCursach\newCursach.csproj", "{4A3A93F2-0BF9-4DEF-A369-8AE4EC926CA4}"
EndProject
Global
	GlobalSection(SolutionConfigurationPlatforms) = preSolution
		Debug|Any CPU = Debug|Any CPU
		Release|Any CPU = Release|Any CPU
	EndGlobalSection
	GlobalSection(ProjectConfigurationPlatforms) = postSolution
		{8A20008D-D10B-4198-9FC0-E54D0B35A111}.Debug|Any CPU.ActiveCfg = Debug|Any CPU
		{8A20008D-D10B-4198-9FC0-E54D0B35A111}.Debug|Any CPU.Build.0 = Debug|Any CPU
		{8A20008D-D10B-4198-9FC0-E54D0B35A111}.Release|Any CPU.ActiveCfg = Release|Any CPU
		{8A20008D-D10B-4198-9FC0-E54D0B35A111}.Release|Any CPU.Build.0 = Release|Any CPU
		{4A3A93F2-0BF9-4DEF-A369-8AE4EC926CA4}.Debug|Any CPU.ActiveCfg = Debug|Any CPU
		{4A3A93F2-0BF9-4DEF-A369-8AE4EC926CA4}.Debug|Any CPU.Build.0 = Debug|Any CPU
		{4A3A93F2-0BF9-4DEF-A369-8AE4EC926CA4}.Release|Any CPU.ActiveCfg = Release|Any CPU
		{4A3A93F2-0BF9-4DEF-A369-8AE4EC926CA4}.Release|Any CPU.Build.0 = Release|Any CPU
	EndGlobalSection
	GlobalSection(SolutionProperties) = preSolution
		HideSolutionNode = FALSE
	EndGlobalSection
	GlobalSection(ExtensibilityGlobals) = postSolution
		SolutionGuid = {0EC33E95-E9D9-4294-BF51-C3CABFB39FEF}
	EndGlobalSection
EndGlobal
